// !$*UTF8*$!
{
	archiveVersion = 1;
	classes = {
	};
	objectVersion = 50;
	objects = {

/* Begin PBXBuildFile section */
		111BDC8A22D29C6300B5211F /* AppDelegate.m in Sources */ = {isa = PBXBuildFile; fileRef = 111BDC8922D29C6300B5211F /* AppDelegate.m */; };
		111BDC8D22D29C6300B5211F /* ViewController.m in Sources */ = {isa = PBXBuildFile; fileRef = 111BDC8C22D29C6300B5211F /* ViewController.m */; };
		111BDC9022D29C6300B5211F /* Main.storyboard in Resources */ = {isa = PBXBuildFile; fileRef = 111BDC8E22D29C6300B5211F /* Main.storyboard */; };
		111BDC9222D29C6700B5211F /* Assets.xcassets in Resources */ = {isa = PBXBuildFile; fileRef = 111BDC9122D29C6700B5211F /* Assets.xcassets */; };
		111BDC9522D29C6700B5211F /* LaunchScreen.storyboard in Resources */ = {isa = PBXBuildFile; fileRef = 111BDC9322D29C6700B5211F /* LaunchScreen.storyboard */; };
		111BDC9822D29C6700B5211F /* main.m in Sources */ = {isa = PBXBuildFile; fileRef = 111BDC9722D29C6700B5211F /* main.m */; };
/* End PBXBuildFile section */

/* Begin PBXFileReference section */
		111BDC8522D29C6300B5211F /* TapsellPlusSDK-ObjectiveCSample.app */ = {isa = PBXFileReference; explicitFileType = wrapper.application; includeInIndex = 0; path = "TapsellPlusSDK-ObjectiveCSample.app"; sourceTree = BUILT_PRODUCTS_DIR; };
		111BDC8822D29C6300B5211F /* AppDelegate.h */ = {isa = PBXFileReference; lastKnownFileType = sourcecode.c.h; path = AppDelegate.h; sourceTree = "<group>"; };
		111BDC8922D29C6300B5211F /* AppDelegate.m */ = {isa = PBXFileReference; lastKnownFileType = sourcecode.c.objc; path = AppDelegate.m; sourceTree = "<group>"; };
		111BDC8B22D29C6300B5211F /* ViewController.h */ = {isa = PBXFileReference; lastKnownFileType = sourcecode.c.h; path = ViewController.h; sourceTree = "<group>"; };
		111BDC8C22D29C6300B5211F /* ViewController.m */ = {isa = PBXFileReference; lastKnownFileType = sourcecode.c.objc; path = ViewController.m; sourceTree = "<group>"; };
		111BDC8F22D29C6300B5211F /* Base */ = {isa = PBXFileReference; lastKnownFileType = file.storyboard; name = Base; path = Base.lproj/Main.storyboard; sourceTree = "<group>"; };
		111BDC9122D29C6700B5211F /* Assets.xcassets */ = {isa = PBXFileReference; lastKnownFileType = folder.assetcatalog; path = Assets.xcassets; sourceTree = "<group>"; };
		111BDC9422D29C6700B5211F /* Base */ = {isa = PBXFileReference; lastKnownFileType = file.storyboard; name = Base; path = Base.lproj/LaunchScreen.storyboard; sourceTree = "<group>"; };
		111BDC9622D29C6700B5211F /* Info.plist */ = {isa = PBXFileReference; lastKnownFileType = text.plist.xml; path = Info.plist; sourceTree = "<group>"; };
		111BDC9722D29C6700B5211F /* main.m */ = {isa = PBXFileReference; lastKnownFileType = sourcecode.c.objc; path = main.m; sourceTree = "<group>"; };
/* End PBXFileReference section */

/* Begin PBXFrameworksBuildPhase section */
		111BDC8222D29C6300B5211F /* Frameworks */ = {
			isa = PBXFrameworksBuildPhase;
			buildActionMask = 2147483647;
			files = (
			);
			runOnlyForDeploymentPostprocessing = 0;
		};
/* End PBXFrameworksBuildPhase section */

/* Begin PBXGroup section */
		111BDC7C22D29C6200B5211F = {
			isa = PBXGroup;
			children = (
				111BDC8722D29C6300B5211F /* TapsellPlusSDK-ObjectiveCSample */,
				111BDC8622D29C6300B5211F /* Products */,
			);
			sourceTree = "<group>";
		};
		111BDC8622D29C6300B5211F /* Products */ = {
			isa = PBXGroup;
			children = (
				111BDC8522D29C6300B5211F /* TapsellPlusSDK-ObjectiveCSample.app */,
			);
			name = Products;
			sourceTree = "<group>";
		};
		111BDC8722D29C6300B5211F /* TapsellPlusSDK-ObjectiveCSample */ = {
			isa = PBXGroup;
			children = (
				111BDC8822D29C6300B5211F /* AppDelegate.h */,
				111BDC8922D29C6300B5211F /* AppDelegate.m */,
				111BDC8B22D29C6300B5211F /* ViewController.h */,
				111BDC8C22D29C6300B5211F /* ViewController.m */,
				111BDC8E22D29C6300B5211F /* Main.storyboard */,
				111BDC9122D29C6700B5211F /* Assets.xcassets */,
				111BDC9322D29C6700B5211F /* LaunchScreen.storyboard */,
				111BDC9622D29C6700B5211F /* Info.plist */,
				111BDC9722D29C6700B5211F /* main.m */,
			);
			path = "TapsellPlusSDK-ObjectiveCSample";
			sourceTree = "<group>";
		};
/* End PBXGroup section */

/* Begin PBXNativeTarget section */
		111BDC8422D29C6300B5211F /* TapsellPlusSDK-ObjectiveCSample */ = {
			isa = PBXNativeTarget;
			buildConfigurationList = 111BDC9B22D29C6700B5211F /* Build configuration list for PBXNativeTarget "TapsellPlusSDK-ObjectiveCSample" */;
			buildPhases = (
				111BDC8122D29C6300B5211F /* Sources */,
				111BDC8222D29C6300B5211F /* Frameworks */,
				111BDC8322D29C6300B5211F /* Resources */,
			);
			buildRules = (
			);
			dependencies = (
			);
			name = "TapsellPlusSDK-ObjectiveCSample";
			productName = "TapsellPlusSDK-ObjectiveCSample";
			productReference = 111BDC8522D29C6300B5211F /* TapsellPlusSDK-ObjectiveCSample.app */;
			productType = "com.apple.product-type.application";
		};
/* End PBXNativeTarget section */

/* Begin PBXProject section */
		111BDC7D22D29C6200B5211F /* Project object */ = {
			isa = PBXProject;
			attributes = {
				LastUpgradeCheck = 1010;
				ORGANIZATIONNAME = Tapsell;
				TargetAttributes = {
					111BDC8422D29C6300B5211F = {
						CreatedOnToolsVersion = 10.1;
					};
				};
			};
			buildConfigurationList = 111BDC8022D29C6200B5211F /* Build configuration list for PBXProject "TapsellPlusSDK-ObjectiveCSample" */;
			compatibilityVersion = "Xcode 9.3";
			developmentRegion = en;
			hasScannedForEncodings = 0;
			knownRegions = (
				en,
				Base,
			);
			mainGroup = 111BDC7C22D29C6200B5211F;
			productRefGroup = 111BDC8622D29C6300B5211F /* Products */;
			projectDirPath = "";
			projectRoot = "";
			targets = (
				111BDC8422D29C6300B5211F /* TapsellPlusSDK-ObjectiveCSample */,
			);
		};
/* End PBXProject section */

/* Begin PBXResourcesBuildPhase section */
		111BDC8322D29C6300B5211F /* Resources */ = {
			isa = PBXResourcesBuildPhase;
			buildActionMask = 2147483647;
			files = (
				111BDC9522D29C6700B5211F /* LaunchScreen.storyboard in Resources */,
				111BDC9222D29C6700B5211F /* Assets.xcassets in Resources */,
				111BDC9022D29C6300B5211F /* Main.storyboard in Resources */,
			);
			runOnlyForDeploymentPostprocessing = 0;
		};
/* End PBXResourcesBuildPhase section */

/* Begin PBXSourcesBuildPhase section */
		111BDC8122D29C6300B5211F /* Sources */ = {
			isa = PBXSourcesBuildPhase;
			buildActionMask = 2147483647;
			files = (
				111BDC8D22D29C6300B5211F /* ViewController.m in Sources */,
				111BDC9822D29C6700B5211F /* main.m in Sources */,
				111BDC8A22D29C6300B5211F /* AppDelegate.m in Sources */,
			);
			runOnlyForDeploymentPostprocessing = 0;
		};
/* End PBXSourcesBuildPhase section */

/* Begin PBXVariantGroup section */
		111BDC8E22D29C6300B5211F /* Main.storyboard */ = {
			isa = PBXVariantGroup;
			children = (
				111BDC8F22D29C6300B5211F /* Base */,
			);
			name = Main.storyboard;
			sourceTree = "<group>";
		};
		111BDC9322D29C6700B5211F /* LaunchScreen.storyboard */ = {
			isa = PBXVariantGroup;
			children = (
				111BDC9422D29C6700B5211F /* Base */,
			);
			name = LaunchScreen.storyboard;
			sourceTree = "<group>";
		};
/* End PBXVariantGroup section */

/* Begin XCBuildConfiguration section */
		111BDC9922D29C6700B5211F /* Debug */ = {
			isa = XCBuildConfiguration;
			buildSettings = {
				ALWAYS_SEARCH_USER_PATHS = NO;
				CLANG_ANALYZER_NONNULL = YES;
				CLANG_ANALYZER_NUMBER_OBJECT_CONVERSION = YES_AGGRESSIVE;
				CLANG_CXX_LANGUAGE_STANDARD = "gnu++14";
				CLANG_CXX_LIBRARY = "libc++";
				CLANG_ENABLE_MODULES = YES;
				CLANG_ENABLE_OBJC_ARC = YES;
				CLANG_ENABLE_OBJC_WEAK = YES;
				CLANG_WARN_BLOCK_CAPTURE_AUTORELEASING = YES;
				CLANG_WARN_BOOL_CONVERSION = YES;
				CLANG_WARN_COMMA = YES;
				CLANG_WARN_CONSTANT_CONVERSION = YES;
				CLANG_WARN_DEPRECATED_OBJC_IMPLEMENTATIONS = YES;
				CLANG_WARN_DIRECT_OBJC_ISA_USAGE = YES_ERROR;
				CLANG_WARN_DOCUMENTATION_COMMENTS = YES;
				CLANG_WARN_EMPTY_BODY = YES;
				CLANG_WARN_ENUM_CONVERSION = YES;
				CLANG_WARN_INFINITE_RECURSION = YES;
				CLANG_WARN_INT_CONVERSION = YES;
				CLANG_WARN_NON_LITERAL_NULL_CONVERSION = YES;
				CLANG_WARN_OBJC_IMPLICIT_RETAIN_SELF = YES;
				CLANG_WARN_OBJC_LITERAL_CONVERSION = YES;
				CLANG_WARN_OBJC_ROOT_CLASS = YES_ERROR;
				CLANG_WARN_RANGE_LOOP_ANALYSIS = YES;
				CLANG_WARN_STRICT_PROTOTYPES = YES;
				CLANG_WARN_SUSPICIOUS_MOVE = YES;
				CLANG_WARN_UNGUARDED_AVAILABILITY = YES_AGGRESSIVE;
				CLANG_WARN_UNREACHABLE_CODE = YES;
				CLANG_WARN__DUPLICATE_METHOD_MATCH = YES;
				CODE_SIGN_IDENTITY = "iPhone Developer";
				COPY_PHASE_STRIP = NO;
				DEBUG_INFORMATION_FORMAT = dwarf;
				ENABLE_STRICT_OBJC_MSGSEND = YES;
				ENABLE_TESTABILITY = YES;
				GCC_C_LANGUAGE_STANDARD = gnu11;
				GCC_DYNAMIC_NO_PIC = NO;
				GCC_NO_COMMON_BLOCKS = YES;
				GCC_OPTIMIZATION_LEVEL = 0;
				GCC_PREPROCESSOR_DEFINITIONS = (
					"DEBUG=1",
					"$(inherited)",
				);
				GCC_WARN_64_TO_32_BIT_CONVERSION = YES;
				GCC_WARN_ABOUT_RETURN_TYPE = YES_ERROR;
				GCC_WARN_UNDECLARED_SELECTOR = YES;
				GCC_WARN_UNINITIALIZED_AUTOS = YES_AGGRESSIVE;
				GCC_WARN_UNUSED_FUNCTION = YES;
				GCC_WARN_UNUSED_VARIABLE = YES;
				IPHONEOS_DEPLOYMENT_TARGET = 12.1;
				MTL_ENABLE_DEBUG_INFO = INCLUDE_SOURCE;
				MTL_FAST_MATH = YES;
				ONLY_ACTIVE_ARCH = YES;
				SDKROOT = iphoneos;
			};
			name = Debug;
		};
		111BDC9A22D29C6700B5211F /* Release */ = {
			isa = XCBuildConfiguration;
			buildSettings = {
				ALWAYS_SEARCH_USER_PATHS = NO;
				CLANG_ANALYZER_NONNULL = YES;
				CLANG_ANALYZER_NUMBER_OBJECT_CONVERSION = YES_AGGRESSIVE;
				CLANG_CXX_LANGUAGE_STANDARD = "gnu++14";
				CLANG_CXX_LIBRARY = "libc++";
				CLANG_ENABLE_MODULES = YES;
				CLANG_ENABLE_OBJC_ARC = YES;
				CLANG_ENABLE_OBJC_WEAK = YES;
				CLANG_WARN_BLOCK_CAPTURE_AUTORELEASING = YES;
				CLANG_WARN_BOOL_CONVERSION = YES;
				CLANG_WARN_COMMA = YES;
				CLANG_WARN_CONSTANT_CONVERSION = YES;
				CLANG_WARN_DEPRECATED_OBJC_IMPLEMENTATIONS = YES;
				CLANG_WARN_DIRECT_OBJC_ISA_USAGE = YES_ERROR;
				CLANG_WARN_DOCUMENTATION_COMMENTS = YES;
				CLANG_WARN_EMPTY_BODY = YES;
				CLANG_WARN_ENUM_CONVERSION = YES;
				CLANG_WARN_INFINITE_RECURSION = YES;
				CLANG_WARN_INT_CONVERSION = YES;
				CLANG_WARN_NON_LITERAL_NULL_CONVERSION = YES;
				CLANG_WARN_OBJC_IMPLICIT_RETAIN_SELF = YES;
				CLANG_WARN_OBJC_LITERAL_CONVERSION = YES;
				CLANG_WARN_OBJC_ROOT_CLASS = YES_ERROR;
				CLANG_WARN_RANGE_LOOP_ANALYSIS = YES;
				CLANG_WARN_STRICT_PROTOTYPES = YES;
				CLANG_WARN_SUSPICIOUS_MOVE = YES;
				CLANG_WARN_UNGUARDED_AVAILABILITY = YES_AGGRESSIVE;
				CLANG_WARN_UNREACHABLE_CODE = YES;
				CLANG_WARN__DUPLICATE_METHOD_MATCH = YES;
				CODE_SIGN_IDENTITY = "iPhone Developer";
				COPY_PHASE_STRIP = NO;
				DEBUG_INFORMATION_FORMAT = "dwarf-with-dsym";
				ENABLE_NS_ASSERTIONS = NO;
				ENABLE_STRICT_OBJC_MSGSEND = YES;
				GCC_C_LANGUAGE_STANDARD = gnu11;
				GCC_NO_COMMON_BLOCKS = YES;
				GCC_WARN_64_TO_32_BIT_CONVERSION = YES;
				GCC_WARN_ABOUT_RETURN_TYPE = YES_ERROR;
				GCC_WARN_UNDECLARED_SELECTOR = YES;
				GCC_WARN_UNINITIALIZED_AUTOS = YES_AGGRESSIVE;
				GCC_WARN_UNUSED_FUNCTION = YES;
				GCC_WARN_UNUSED_VARIABLE = YES;
				IPHONEOS_DEPLOYMENT_TARGET = 12.1;
				MTL_ENABLE_DEBUG_INFO = NO;
				MTL_FAST_MATH = YES;
				SDKROOT = iphoneos;
				VALIDATE_PRODUCT = YES;
			};
			name = Release;
		};
		111BDC9C22D29C6700B5211F /* Debug */ = {
			isa = XCBuildConfiguration;
			buildSettings = {
				ASSETCATALOG_COMPILER_APPICON_NAME = AppIcon;
				CODE_SIGN_STYLE = Automatic;
				INFOPLIST_FILE = "TapsellPlusSDK-ObjectiveCSample/Info.plist";
				LD_RUNPATH_SEARCH_PATHS = (
					"$(inherited)",
					"@executable_path/Frameworks",
				);
				PRODUCT_BUNDLE_IDENTIFIER = "ir.tapsell.TapsellPlusSDK-ObjectiveCSample";
				PRODUCT_NAME = "$(TARGET_NAME)";
				TARGETED_DEVICE_FAMILY = "1,2";
			};
			name = Debug;
		};
		111BDC9D22D29C6700B5211F /* Release */ = {
			isa = XCBuildConfiguration;
			buildSettings = {
				ASSETCATALOG_COMPILER_APPICON_NAME = AppIcon;
				CODE_SIGN_STYLE = Automatic;
				INFOPLIST_FILE = "TapsellPlusSDK-ObjectiveCSample/Info.plist";
				LD_RUNPATH_SEARCH_PATHS = (
					"$(inherited)",
					"@executable_path/Frameworks",
				);
				PRODUCT_BUNDLE_IDENTIFIER = "ir.tapsell.TapsellPlusSDK-ObjectiveCSample";
				PRODUCT_NAME = "$(TARGET_NAME)";
				TARGETED_DEVICE_FAMILY = "1,2";
			};
			name = Release;
		};
/* End XCBuildConfiguration section */

/* Begin XCConfigurationList section */
		111BDC8022D29C6200B5211F /* Build configuration list for PBXProject "TapsellPlusSDK-ObjectiveCSample" */ = {
			isa = XCConfigurationList;
			buildConfigurations = (
				111BDC9922D29C6700B5211F /* Debug */,
				111BDC9A22D29C6700B5211F /* Release */,
			);
			defaultConfigurationIsVisible = 0;
			defaultConfigurationName = Release;
		};
		111BDC9B22D29C6700B5211F /* Build configuration list for PBXNativeTarget "TapsellPlusSDK-ObjectiveCSample" */ = {
			isa = XCConfigurationList;
			buildConfigurations = (
				111BDC9C22D29C6700B5211F /* Debug */,
				111BDC9D22D29C6700B5211F /* Release */,
			);
			defaultConfigurationIsVisible = 0;
			defaultConfigurationName = Release;
		};
/* End XCConfigurationList section */
	};
	rootObject = 111BDC7D22D29C6200B5211F /* Project object */;
}
